
Microsoft Visual Studio Solution File, Format Version 12.00
# Visual Studio Version 16
VisualStudioVersion = 16.0.31424.327
MinimumVisualStudioVersion = 10.0.40219.1
Project("{FAE04EC0-301F-11D3-BF4B-00C04F79EFBC}") = "Ado", "Ado\Ado.csproj", "{B86EBF16-E7FB-4981-A3F6-28B141C543AB}"
EndProject
Global
	GlobalSection(SolutionConfigurationPlatforms) = preSolution
		Debug|Any CPU = Debug|Any CPU
		Release|Any CPU = Release|Any CPU
	EndGlobalSection
	GlobalSection(ProjectConfigurationPlatforms) = postSolution
		{B86EBF16-E7FB-4981-A3F6-28B141C543AB}.Debug|Any CPU.ActiveCfg = Debug|Any CPU
		{B86EBF16-E7FB-4981-A3F6-28B141C543AB}.Debug|Any CPU.Build.0 = Debug|Any CPU
		{B86EBF16-E7FB-4981-A3F6-28B141C543AB}.Release|Any CPU.ActiveCfg = Release|Any CPU
		{B86EBF16-E7FB-4981-A3F6-28B141C543AB}.Release|Any CPU.Build.0 = Release|Any CPU
	EndGlobalSection
	GlobalSection(SolutionProperties) = preSolution
		HideSolutionNode = FALSE
	EndGlobalSection
	GlobalSection(ExtensibilityGlobals) = postSolution
		SolutionGuid = {45801FD4-85C7-4E66-B2CC-F447C37F6921}
	EndGlobalSection
EndGlobal
